
Microsoft Visual Studio Solution File, Format Version 12.00
# Visual Studio Version 17
VisualStudioVersion = 17.5.002.0
MinimumVisualStudioVersion = 10.0.40219.1
Project("{9A19103F-16F7-4668-BE54-9A1E7A4F7556}") = "Canchas", "Canchas.csproj", "{C5E11C39-D854-4136-BAFE-26AEF782120E}"
EndProject
Global
	GlobalSection(SolutionConfigurationPlatforms) = preSolution
		Debug|Any CPU = Debug|Any CPU
		Release|Any CPU = Release|Any CPU
	EndGlobalSection
	GlobalSection(ProjectConfigurationPlatforms) = postSolution
		{C5E11C39-D854-4136-BAFE-26AEF782120E}.Debug|Any CPU.ActiveCfg = Debug|Any CPU
		{C5E11C39-D854-4136-BAFE-26AEF782120E}.Debug|Any CPU.Build.0 = Debug|Any CPU
		{C5E11C39-D854-4136-BAFE-26AEF782120E}.Release|Any CPU.ActiveCfg = Release|Any CPU
		{C5E11C39-D854-4136-BAFE-26AEF782120E}.Release|Any CPU.Build.0 = Release|Any CPU
	EndGlobalSection
	GlobalSection(SolutionProperties) = preSolution
		HideSolutionNode = FALSE
	EndGlobalSection
	GlobalSection(ExtensibilityGlobals) = postSolution
		SolutionGuid = {A732E630-CC85-41EB-B825-0D01A6BCDEA9}
	EndGlobalSection
EndGlobal
